{
  "lockfileVersion": 1,
  "configVersion": 1,
  "workspaces": {
    "": {
      "name": "kumbh",
      "dependencies": {
        "@nktkas/hyperliquid": "^0.30.2",
      },
      "devDependencies": {
        "@types/bun": "latest",
      },
      "peerDependencies": {
        "typescript": "^5",
      },
    },
  },
  "packages": {
    "@nktkas/hyperliquid": ["@nktkas/hyperliquid@0.30.2", "", { "dependencies": { "@nktkas/rews": "^1.2.3", "@noble/hashes": "^2.0.1", "micro-eth-signer": "^0.18.1", "valibot": "1.2.0" }, "bin": { "hyperliquid": "esm/bin/cli.js" } }, "sha512-xz1/oGRunLxY1z1FOsCsXUFOWx8ADL3vL87pQkpl68gIxHT6Duf5z18uxFQWxlPPyB5PHYmpudlziJ6xVPB4Vw=="],

    "@nktkas/rews": ["@nktkas/rews@1.2.3", "", {}, "sha512-cpfcIlkUpYlbAI1cvfCTBCajWZfUM6gWyuCJXszECKxdetsU3vURKC8Sz//MDR6RWoULk9T48eJ+0agxT7yB1w=="],

    "@noble/curves": ["@noble/curves@2.0.1", "", { "dependencies": { "@noble/hashes": "2.0.1" } }, "sha512-vs1Az2OOTBiP4q0pwjW5aF0xp9n4MxVrmkFBxc6EKZc6ddYx5gaZiAsZoq0uRRXWbi3AT/sBqn05eRPtn1JCPw=="],

    "@noble/hashes": ["@noble/hashes@2.0.1", "", {}, "sha512-XlOlEbQcE9fmuXxrVTXCTlG2nlRXa9Rj3rr5Ue/+tX+nmkgbX720YHh0VR3hBF9xDvwnb8D2shVGOwNx+ulArw=="],

    "@scure/base": ["@scure/base@2.0.0", "", {}, "sha512-3E1kpuZginKkek01ovG8krQ0Z44E3DHPjc5S2rjJw9lZn3KSQOs8S7wqikF/AH7iRanHypj85uGyxk0XAyC37w=="],

    "@types/bun": ["@types/bun@1.3.6", "", { "dependencies": { "bun-types": "1.3.6" } }, "sha512-uWCv6FO/8LcpREhenN1d1b6fcspAB+cefwD7uti8C8VffIv0Um08TKMn98FynpTiU38+y2dUO55T11NgDt8VAA=="],

    "@types/node": ["@types/node@25.0.9", "", { "dependencies": { "undici-types": "~7.16.0" } }, "sha512-/rpCXHlCWeqClNBwUhDcusJxXYDjZTyE8v5oTO7WbL8eij2nKhUeU89/6xgjU7N4/Vh3He0BtyhJdQbDyhiXAw=="],

    "bun-types": ["bun-types@1.3.6", "", { "dependencies": { "@types/node": "*" } }, "sha512-OlFwHcnNV99r//9v5IIOgQ9Uk37gZqrNMCcqEaExdkVq3Avwqok1bJFmvGMCkCE0FqzdY8VMOZpfpR3lwI+CsQ=="],

    "micro-eth-signer": ["micro-eth-signer@0.18.1", "", { "dependencies": { "@noble/curves": "^2.0.0", "@noble/hashes": "^2.0.0", "micro-packed": "^0.8.0" } }, "sha512-vXKhCZxrytpl+dXR9JeaE41ZVFndi7wCKc1Jd22smOMAeDErvRcXaTxhYUf1yQxis4n2kIdv/pH7iuf+5/cj+Q=="],

    "micro-packed": ["micro-packed@0.8.0", "", { "dependencies": { "@scure/base": "2.0.0" } }, "sha512-AKb8znIvg9sooythbXzyFeChEY0SkW0C6iXECpy/ls0e5BtwXO45J9wD9SLzBztnS4XmF/5kwZknsq+jyynd/A=="],

    "typescript": ["typescript@5.9.3", "", { "bin": { "tsc": "bin/tsc", "tsserver": "bin/tsserver" } }, "sha512-jl1vZzPDinLr9eUt3J/t7V6FgNEw9QjvBPdysz9KfQDD41fQrC2Y4vKQdiaUpFT4bXlb1RHhLpp8wtm6M5TgSw=="],

    "undici-types": ["undici-types@7.16.0", "", {}, "sha512-Zz+aZWSj8LE6zoxD+xrjh4VfkIG8Ya6LvYkZqtUQGJPZjYl53ypCaUwWqo7eI0x66KBGeRo+mlBEkMSeSZ38Nw=="],

    "valibot": ["valibot@1.2.0", "", { "peerDependencies": { "typescript": ">=5" }, "optionalPeers": ["typescript"] }, "sha512-mm1rxUsmOxzrwnX5arGS+U4T25RdvpPjPN4yR0u9pUBov9+zGVtO84tif1eY4r6zWxVxu3KzIyknJy3rxfRZZg=="],
  }
}
